
Microsoft Visual Studio Solution File, Format Version 12.00
# Visual Studio Version 16
VisualStudioVersion = 16.0.30907.101
MinimumVisualStudioVersion = 10.0.40219.1
Project("{FAE04EC0-301F-11D3-BF4B-00C04F79EFBC}") = "CadBiblioteca", "CadBiblioteca\CadBiblioteca.csproj", "{F40DACD8-066A-4769-9F07-693015F08B09}"
EndProject
Project("{FAE04EC0-301F-11D3-BF4B-00C04F79EFBC}") = "ClnBiblioteca", "ClnBiblioteca\ClnBiblioteca.csproj", "{18065966-15CD-4143-8916-A8EE7BA72C68}"
EndProject
Project("{FAE04EC0-301F-11D3-BF4B-00C04F79EFBC}") = "CpBiblioteca", "CpBiblioteca\CpBiblioteca.csproj", "{91D4D8EB-5649-4F5F-BF81-EBD452932067}"
EndProject
Global
	GlobalSection(SolutionConfigurationPlatforms) = preSolution
		Debug|Any CPU = Debug|Any CPU
		Release|Any CPU = Release|Any CPU
	EndGlobalSection
	GlobalSection(ProjectConfigurationPlatforms) = postSolution
		{F40DACD8-066A-4769-9F07-693015F08B09}.Debug|Any CPU.ActiveCfg = Debug|Any CPU
		{F40DACD8-066A-4769-9F07-693015F08B09}.Debug|Any CPU.Build.0 = Debug|Any CPU
		{F40DACD8-066A-4769-9F07-693015F08B09}.Release|Any CPU.ActiveCfg = Release|Any CPU
		{F40DACD8-066A-4769-9F07-693015F08B09}.Release|Any CPU.Build.0 = Release|Any CPU
		{18065966-15CD-4143-8916-A8EE7BA72C68}.Debug|Any CPU.ActiveCfg = Debug|Any CPU
		{18065966-15CD-4143-8916-A8EE7BA72C68}.Debug|Any CPU.Build.0 = Debug|Any CPU
		{18065966-15CD-4143-8916-A8EE7BA72C68}.Release|Any CPU.ActiveCfg = Release|Any CPU
		{18065966-15CD-4143-8916-A8EE7BA72C68}.Release|Any CPU.Build.0 = Release|Any CPU
		{91D4D8EB-5649-4F5F-BF81-EBD452932067}.Debug|Any CPU.ActiveCfg = Debug|Any CPU
		{91D4D8EB-5649-4F5F-BF81-EBD452932067}.Debug|Any CPU.Build.0 = Debug|Any CPU
		{91D4D8EB-5649-4F5F-BF81-EBD452932067}.Release|Any CPU.ActiveCfg = Release|Any CPU
		{91D4D8EB-5649-4F5F-BF81-EBD452932067}.Release|Any CPU.Build.0 = Release|Any CPU
	EndGlobalSection
	GlobalSection(SolutionProperties) = preSolution
		HideSolutionNode = FALSE
	EndGlobalSection
	GlobalSection(ExtensibilityGlobals) = postSolution
		SolutionGuid = {50C0D296-8ED4-49FA-92DC-A2A2E0E49132}
	EndGlobalSection
EndGlobal
